
Microsoft Visual Studio Solution File, Format Version 12.00
# Visual Studio Version 16
VisualStudioVersion = 16.0.31424.327
MinimumVisualStudioVersion = 10.0.40219.1
Project("{9A19103F-16F7-4668-BE54-9A1E7A4F7556}") = "ConsoleApp", "ConsoleApp\ConsoleApp.csproj", "{2D897BD4-832E-439D-AF11-A50A94287687}"
EndProject
Project("{9A19103F-16F7-4668-BE54-9A1E7A4F7556}") = "WpfApp", "WpfApp\WpfApp.csproj", "{EAA34167-9D66-41ED-9272-EF1B9F63DF05}"
EndProject
Global
	GlobalSection(SolutionConfigurationPlatforms) = preSolution
		Debug|Any CPU = Debug|Any CPU
		Release|Any CPU = Release|Any CPU
	EndGlobalSection
	GlobalSection(ProjectConfigurationPlatforms) = postSolution
		{2D897BD4-832E-439D-AF11-A50A94287687}.Debug|Any CPU.ActiveCfg = Debug|Any CPU
		{2D897BD4-832E-439D-AF11-A50A94287687}.Debug|Any CPU.Build.0 = Debug|Any CPU
		{2D897BD4-832E-439D-AF11-A50A94287687}.Release|Any CPU.ActiveCfg = Release|Any CPU
		{2D897BD4-832E-439D-AF11-A50A94287687}.Release|Any CPU.Build.0 = Release|Any CPU
		{EAA34167-9D66-41ED-9272-EF1B9F63DF05}.Debug|Any CPU.ActiveCfg = Debug|Any CPU
		{EAA34167-9D66-41ED-9272-EF1B9F63DF05}.Debug|Any CPU.Build.0 = Debug|Any CPU
		{EAA34167-9D66-41ED-9272-EF1B9F63DF05}.Release|Any CPU.ActiveCfg = Release|Any CPU
		{EAA34167-9D66-41ED-9272-EF1B9F63DF05}.Release|Any CPU.Build.0 = Release|Any CPU
	EndGlobalSection
	GlobalSection(SolutionProperties) = preSolution
		HideSolutionNode = FALSE
	EndGlobalSection
	GlobalSection(ExtensibilityGlobals) = postSolution
		SolutionGuid = {08DEEAD1-99EC-4232-8A9E-D4702260D12E}
	EndGlobalSection
EndGlobal
